Microsoft Visual Studio Solution File, Format Version 12.00
# Visual Studio Version 17
VisualStudioVersion = 17.5.2.0
MinimumVisualStudioVersion = 10.0.40219.1
Project("{FAE04EC0-301F-11D3-BF4B-00C04F79EFBC}") = "pcp2p", "pcp2p.csproj", "{98B2B9EC-BF0D-B35B-D89B-9CE33B3F10CE}"
EndProject
Global
	GlobalSection(SolutionConfigurationPlatforms) = preSolution
		Debug|Any CPU = Debug|Any CPU
		Release|Any CPU = Release|Any CPU
	EndGlobalSection
	GlobalSection(ProjectConfigurationPlatforms) = postSolution
		{98B2B9EC-BF0D-B35B-D89B-9CE33B3F10CE}.Debug|Any CPU.ActiveCfg = Debug|Any CPU
		{98B2B9EC-BF0D-B35B-D89B-9CE33B3F10CE}.Debug|Any CPU.Build.0 = Debug|Any CPU
		{98B2B9EC-BF0D-B35B-D89B-9CE33B3F10CE}.Release|Any CPU.ActiveCfg = Release|Any CPU
		{98B2B9EC-BF0D-B35B-D89B-9CE33B3F10CE}.Release|Any CPU.Build.0 = Release|Any CPU
	EndGlobalSection
	GlobalSection(SolutionProperties) = preSolution
		HideSolutionNode = FALSE
	EndGlobalSection
	GlobalSection(ExtensibilityGlobals) = postSolution
		SolutionGuid = {5D315702-B152-4074-9A3B-9996FC934453}
	EndGlobalSection
EndGlobal
